
Microsoft Visual Studio Solution File, Format Version 12.00
# Visual Studio Version 17
VisualStudioVersion = 17.14.36221.1 d17.14
MinimumVisualStudioVersion = 10.0.40219.1
Project("{FAE04EC0-301F-11D3-BF4B-00C04F79EFBC}") = "AppTeste", "AppTeste.csproj", "{2149874B-25F0-405F-A295-F95D4DF45ECE}"
EndProject
Global
	GlobalSection(SolutionConfigurationPlatforms) = preSolution
		Debug|Any CPU = Debug|Any CPU
		Release|Any CPU = Release|Any CPU
	EndGlobalSection
	GlobalSection(ProjectConfigurationPlatforms) = postSolution
		{2149874B-25F0-405F-A295-F95D4DF45ECE}.Debug|Any CPU.ActiveCfg = Debug|Any CPU
		{2149874B-25F0-405F-A295-F95D4DF45ECE}.Debug|Any CPU.Build.0 = Debug|Any CPU
		{2149874B-25F0-405F-A295-F95D4DF45ECE}.Release|Any CPU.ActiveCfg = Release|Any CPU
		{2149874B-25F0-405F-A295-F95D4DF45ECE}.Release|Any CPU.Build.0 = Release|Any CPU
	EndGlobalSection
	GlobalSection(SolutionProperties) = preSolution
		HideSolutionNode = FALSE
	EndGlobalSection
	GlobalSection(ExtensibilityGlobals) = postSolution
		SolutionGuid = {2CB41455-EB7F-4332-9FA0-171CA9540384}
	EndGlobalSection
EndGlobal
